
Microsoft Visual Studio Solution File, Format Version 12.00
# Visual Studio Version 18
VisualStudioVersion = 18.0.11111.16
MinimumVisualStudioVersion = 10.0.40219.1
Project("{2150E333-8FDC-42A3-9474-1A3956D46DE8}") = "Task0", "Task0", "{02EA681E-C7D8-13C7-8484-4AC65E1B71E8}"
EndProject
Project("{FAE04EC0-301F-11D3-BF4B-00C04F79EFBC}") = "Tyuiu.MolkovIS.Sprint4.Task0.V19.Test", "Tyuiu.MolkovIS.Sprint4.Task0.V19.Test\Tyuiu.MolkovIS.Sprint4.Task0.V19.Test.csproj", "{03DE6914-E69E-41E8-AC76-9E533B24F111}"
EndProject
Project("{FAE04EC0-301F-11D3-BF4B-00C04F79EFBC}") = "Tyuiu.MolkovIS.Sprint4.Task0.V19", "Tyuiu.MolkovIS.Sprint4.Task0.V19\Tyuiu.MolkovIS.Sprint4.Task0.V19.csproj", "{F9ED1D3D-3A14-43F4-8296-2B0CB36736C6}"
EndProject
Project("{FAE04EC0-301F-11D3-BF4B-00C04F79EFBC}") = "Tyuiu.MolkovIS.Sprint4.Task0.V19.Lib", "Tyuiu.MolkovIS.Sprint4.Task0.V19.Lib\Tyuiu.MolkovIS.Sprint4.Task0.V19.Lib.csproj", "{34F8B1E4-695C-4BE7-9DD5-81A5CC085338}"
EndProject
Project("{2150E333-8FDC-42A3-9474-1A3956D46DE8}") = "Task1", "Task1", "{4BB420A8-FC1A-428A-A519-0A9BC508540C}"
EndProject
Project("{FAE04EC0-301F-11D3-BF4B-00C04F79EFBC}") = "Tyuiu.MolkovIS.Sprint4.Task1.V20.Test", "Tyuiu.MolkovIS.Sprint4.Task1.V20.Test\Tyuiu.MolkovIS.Sprint4.Task1.V20.Test.csproj", "{F05A7734-74C3-4405-B160-9BA6D42D9D5B}"
EndProject
Project("{FAE04EC0-301F-11D3-BF4B-00C04F79EFBC}") = "Tyuiu.MolkovIS.Sprint4.Task1.V20", "Tyuiu.MolkovIS.Sprint4.Task1.V20\Tyuiu.MolkovIS.Sprint4.Task1.V20.csproj", "{046B8512-5A08-4B1F-8AAD-2FB7E86450C4}"
EndProject
Project("{FAE04EC0-301F-11D3-BF4B-00C04F79EFBC}") = "Tyuiu.MolkovIS.Sprint4.V20.Lib", "Tyuiu.MolkovIS.Sprint4.V20.Lib\Tyuiu.MolkovIS.Sprint4.V20.Lib.csproj", "{277F6571-7590-4B5B-B209-4CDC65AE4AC5}"
EndProject
Project("{FAE04EC0-301F-11D3-BF4B-00C04F79EFBC}") = "Tyuiu.MolkovIS.Sprint4.Task1.V20.Lib", "Tyuiu.MolkovIS.Sprint4.Task1.V20.Lib\Tyuiu.MolkovIS.Sprint4.Task1.V20.Lib.csproj", "{925F8566-A409-43EB-829E-3657A8A3D558}"
EndProject
Project("{2150E333-8FDC-42A3-9474-1A3956D46DE8}") = "Task2", "Task2", "{D623E4E3-B3E0-4223-87E1-504562B579F6}"
EndProject
Project("{FAE04EC0-301F-11D3-BF4B-00C04F79EFBC}") = "Tyuiu.MolkovIS.Sprint4.Task2.V17.Lib", "Tyuiu.MolkovIS.Sprint4.Task2.V17.Lib\Tyuiu.MolkovIS.Sprint4.Task2.V17.Lib.csproj", "{034F55E5-4861-4084-A74D-6EC1FA110266}"
EndProject
Project("{FAE04EC0-301F-11D3-BF4B-00C04F79EFBC}") = "Tyuiu.MolkovIS.Sprint4.Task2.V17", "Tyuiu.MolkovIS.Sprint4.Task2.V17\Tyuiu.MolkovIS.Sprint4.Task2.V17.csproj", "{1B9CEADA-5855-40AC-BB56-F03F93A110A0}"
EndProject
Project("{FAE04EC0-301F-11D3-BF4B-00C04F79EFBC}") = "Tyuiu.MolkovIS.Sprint4.Task2.V17.Test", "Tyuiu.MolkovIS.Sprint4.Task2.V17.Test\Tyuiu.MolkovIS.Sprint4.Task2.V17.Test.csproj", "{D56E1FA3-B62D-4D1B-9D9F-F3D994C6B13B}"
EndProject
Project("{2150E333-8FDC-42A3-9474-1A3956D46DE8}") = "Task3", "Task3", "{0DC4EC8B-62B2-4575-95C7-91659B2F5D6B}"
EndProject
Project("{FAE04EC0-301F-11D3-BF4B-00C04F79EFBC}") = "Tyuiu.MolkovIS.Sprint4.Task3.V19.Test", "Tyuiu.MolkovIS.Sprint4.Task3.V19.Test\Tyuiu.MolkovIS.Sprint4.Task3.V19.Test.csproj", "{143D0615-1AEA-4EA6-859C-8D1D7AA39426}"
EndProject
Project("{FAE04EC0-301F-11D3-BF4B-00C04F79EFBC}") = "Tyuiu.MolkovIS.Sprint4.Task3.V19", "Tyuiu.MolkovIS.Sprint4.Task3.V19\Tyuiu.MolkovIS.Sprint4.Task3.V19.csproj", "{BD33A1B7-F474-4CF6-B64D-FE04B1DDB9AB}"
EndProject
Project("{FAE04EC0-301F-11D3-BF4B-00C04F79EFBC}") = "Tyuiu.MolkovIS.Sprint4.Task3.V19.Lib", "Tyuiu.MolkovIS.Sprint4.Task3.V19.Lib\Tyuiu.MolkovIS.Sprint4.Task3.V19.Lib.csproj", "{B2759A75-DC40-4D73-AC01-C79E54C00D7C}"
EndProject
Project("{2150E333-8FDC-42A3-9474-1A3956D46DE8}") = "Task4", "Task4", "{DBC92428-AD53-4C79-B0F2-6859AEE40B86}"
EndProject
Project("{FAE04EC0-301F-11D3-BF4B-00C04F79EFBC}") = "Tyuiu.MolkovIS.Sprint4.Task4.V5.Lib", "Tyuiu.MolkovIS.Sprint4.Task4.V5.Lib\Tyuiu.MolkovIS.Sprint4.Task4.V5.Lib.csproj", "{DBC135A3-55BE-4635-AAC5-8B3F6E07A6D3}"
EndProject
Project("{FAE04EC0-301F-11D3-BF4B-00C04F79EFBC}") = "Tyuiu.MolkovIS.Sprint4.Task4.V5", "Tyuiu.MolkovIS.Sprint4.Task4.V5\Tyuiu.MolkovIS.Sprint4.Task4.V5.csproj", "{964CC822-ED0A-4411-9C7B-FBB79B68EB67}"
EndProject
Project("{FAE04EC0-301F-11D3-BF4B-00C04F79EFBC}") = "Tyuiu.MolkovIS.Sprint4.Task4.V5.Test", "Tyuiu.MolkovIS.Sprint4.Task4.V5.Test\Tyuiu.MolkovIS.Sprint4.Task4.V5.Test.csproj", "{96119222-A286-451A-8C65-719014EF94FE}"
EndProject
Project("{2150E333-8FDC-42A3-9474-1A3956D46DE8}") = "Task5", "Task5", "{FAB593C0-8EF7-402B-8452-64F94FA1E863}"
EndProject
Project("{FAE04EC0-301F-11D3-BF4B-00C04F79EFBC}") = "Tyuiu.MolkovIS.Sprint4.Task5.V22.Test", "Tyuiu.MolkovIS.Sprint4.Task5.V22.Test\Tyuiu.MolkovIS.Sprint4.Task5.V22.Test.csproj", "{CF105D92-AACC-4DE5-8940-891EDF920763}"
EndProject
Project("{FAE04EC0-301F-11D3-BF4B-00C04F79EFBC}") = "Tyuiu.MolkovIS.Sprint4.Task5.V22", "Tyuiu.MolkovIS.Sprint4.Task5.V22\Tyuiu.MolkovIS.Sprint4.Task5.V22.csproj", "{23B18124-B0B0-4F74-A418-31B893919183}"
EndProject
Project("{FAE04EC0-301F-11D3-BF4B-00C04F79EFBC}") = "Tyuiu.MolkovIS.Sprint4.Task5.V22.Lib", "Tyuiu.MolkovIS.Sprint4.Task5.V22.Lib\Tyuiu.MolkovIS.Sprint4.Task5.V22.Lib.csproj", "{72C52F3B-4E7E-4FC7-BA9D-C39607D1FA38}"
EndProject
Project("{2150E333-8FDC-42A3-9474-1A3956D46DE8}") = "Task6", "Task6", "{6D8967B0-D9D9-48B9-8881-BC740C88BDD7}"
EndProject
Project("{FAE04EC0-301F-11D3-BF4B-00C04F79EFBC}") = "Tyuiu.MolkovIS.Sprint4.Task6.V28.Lib", "Tyuiu.MolkovIS.Sprint4.Task6.V28.Lib\Tyuiu.MolkovIS.Sprint4.Task6.V28.Lib.csproj", "{CF9087C5-F126-4DAD-AAB6-C937AC01A1B9}"
EndProject
Project("{FAE04EC0-301F-11D3-BF4B-00C04F79EFBC}") = "Tyuiu.MolkovIS.Sprint4.Task6.V28", "Tyuiu.MolkovIS.Sprint4.Task6.V28\Tyuiu.MolkovIS.Sprint4.Task6.V28.csproj", "{6D3058DE-F8EE-4D63-AC91-4011F2665BCF}"
EndProject
Project("{FAE04EC0-301F-11D3-BF4B-00C04F79EFBC}") = "Tyuiu.MolkovIS.Sprint4.Task6.V28.Test", "Tyuiu.MolkovIS.Sprint4.Task6.V28.Test\Tyuiu.MolkovIS.Sprint4.Task6.V28.Test.csproj", "{5624EDA5-8E1C-42B7-AB8F-BEF19CB2D1BB}"
EndProject
Global
	GlobalSection(SolutionConfigurationPlatforms) = preSolution
		Debug|Any CPU = Debug|Any CPU
		Release|Any CPU = Release|Any CPU
	EndGlobalSection
	GlobalSection(ProjectConfigurationPlatforms) = postSolution
		{03DE6914-E69E-41E8-AC76-9E533B24F111}.Debug|Any CPU.ActiveCfg = Debug|Any CPU
		{03DE6914-E69E-41E8-AC76-9E533B24F111}.Debug|Any CPU.Build.0 = Debug|Any CPU
		{03DE6914-E69E-41E8-AC76-9E533B24F111}.Release|Any CPU.ActiveCfg = Release|Any CPU
		{03DE6914-E69E-41E8-AC76-9E533B24F111}.Release|Any CPU.Build.0 = Release|Any CPU
		{F9ED1D3D-3A14-43F4-8296-2B0CB36736C6}.Debug|Any CPU.ActiveCfg = Debug|Any CPU
		{F9ED1D3D-3A14-43F4-8296-2B0CB36736C6}.Debug|Any CPU.Build.0 = Debug|Any CPU
		{F9ED1D3D-3A14-43F4-8296-2B0CB36736C6}.Release|Any CPU.ActiveCfg = Release|Any CPU
		{F9ED1D3D-3A14-43F4-8296-2B0CB36736C6}.Release|Any CPU.Build.0 = Release|Any CPU
		{34F8B1E4-695C-4BE7-9DD5-81A5CC085338}.Debug|Any CPU.ActiveCfg = Debug|Any CPU
		{34F8B1E4-695C-4BE7-9DD5-81A5CC085338}.Debug|Any CPU.Build.0 = Debug|Any CPU
		{34F8B1E4-695C-4BE7-9DD5-81A5CC085338}.Release|Any CPU.ActiveCfg = Release|Any CPU
		{34F8B1E4-695C-4BE7-9DD5-81A5CC085338}.Release|Any CPU.Build.0 = Release|Any CPU
		{F05A7734-74C3-4405-B160-9BA6D42D9D5B}.Debug|Any CPU.ActiveCfg = Debug|Any CPU
		{F05A7734-74C3-4405-B160-9BA6D42D9D5B}.Debug|Any CPU.Build.0 = Debug|Any CPU
		{F05A7734-74C3-4405-B160-9BA6D42D9D5B}.Release|Any CPU.ActiveCfg = Release|Any CPU
		{F05A7734-74C3-4405-B160-9BA6D42D9D5B}.Release|Any CPU.Build.0 = Release|Any CPU
		{046B8512-5A08-4B1F-8AAD-2FB7E86450C4}.Debug|Any CPU.ActiveCfg = Debug|Any CPU
		{046B8512-5A08-4B1F-8AAD-2FB7E86450C4}.Debug|Any CPU.Build.0 = Debug|Any CPU
		{046B8512-5A08-4B1F-8AAD-2FB7E86450C4}.Release|Any CPU.ActiveCfg = Release|Any CPU
		{046B8512-5A08-4B1F-8AAD-2FB7E86450C4}.Release|Any CPU.Build.0 = Release|Any CPU
		{277F6571-7590-4B5B-B209-4CDC65AE4AC5}.Debug|Any CPU.ActiveCfg = Debug|Any CPU
		{277F6571-7590-4B5B-B209-4CDC65AE4AC5}.Debug|Any CPU.Build.0 = Debug|Any CPU
		{277F6571-7590-4B5B-B209-4CDC65AE4AC5}.Release|Any CPU.ActiveCfg = Release|Any CPU
		{277F6571-7590-4B5B-B209-4CDC65AE4AC5}.Release|Any CPU.Build.0 = Release|Any CPU
		{925F8566-A409-43EB-829E-3657A8A3D558}.Debug|Any CPU.ActiveCfg = Debug|Any CPU
		{925F8566-A409-43EB-829E-3657A8A3D558}.Debug|Any CPU.Build.0 = Debug|Any CPU
		{925F8566-A409-43EB-829E-3657A8A3D558}.Release|Any CPU.ActiveCfg = Release|Any CPU
		{925F8566-A409-43EB-829E-3657A8A3D558}.Release|Any CPU.Build.0 = Release|Any CPU
		{034F55E5-4861-4084-A74D-6EC1FA110266}.Debug|Any CPU.ActiveCfg = Debug|Any CPU
		{034F55E5-4861-4084-A74D-6EC1FA110266}.Debug|Any CPU.Build.0 = Debug|Any CPU
		{034F55E5-4861-4084-A74D-6EC1FA110266}.Release|Any CPU.ActiveCfg = Release|Any CPU
		{034F55E5-4861-4084-A74D-6EC1FA110266}.Release|Any CPU.Build.0 = Release|Any CPU
		{1B9CEADA-5855-40AC-BB56-F03F93A110A0}.Debug|Any CPU.ActiveCfg = Debug|Any CPU
		{1B9CEADA-5855-40AC-BB56-F03F93A110A0}.Debug|Any CPU.Build.0 = Debug|Any CPU
		{1B9CEADA-5855-40AC-BB56-F03F93A110A0}.Release|Any CPU.ActiveCfg = Release|Any CPU
		{1B9CEADA-5855-40AC-BB56-F03F93A110A0}.Release|Any CPU.Build.0 = Release|Any CPU
		{D56E1FA3-B62D-4D1B-9D9F-F3D994C6B13B}.Debug|Any CPU.ActiveCfg = Debug|Any CPU
		{D56E1FA3-B62D-4D1B-9D9F-F3D994C6B13B}.Debug|Any CPU.Build.0 = Debug|Any CPU
		{D56E1FA3-B62D-4D1B-9D9F-F3D994C6B13B}.Release|Any CPU.ActiveCfg = Release|Any CPU
		{D56E1FA3-B62D-4D1B-9D9F-F3D994C6B13B}.Release|Any CPU.Build.0 = Release|Any CPU
		{143D0615-1AEA-4EA6-859C-8D1D7AA39426}.Debug|Any CPU.ActiveCfg = Debug|Any CPU
		{143D0615-1AEA-4EA6-859C-8D1D7AA39426}.Debug|Any CPU.Build.0 = Debug|Any CPU
		{143D0615-1AEA-4EA6-859C-8D1D7AA39426}.Release|Any CPU.ActiveCfg = Release|Any CPU
		{143D0615-1AEA-4EA6-859C-8D1D7AA39426}.Release|Any CPU.Build.0 = Release|Any CPU
		{BD33A1B7-F474-4CF6-B64D-FE04B1DDB9AB}.Debug|Any CPU.ActiveCfg = Debug|Any CPU
		{BD33A1B7-F474-4CF6-B64D-FE04B1DDB9AB}.Debug|Any CPU.Build.0 = Debug|Any CPU
		{BD33A1B7-F474-4CF6-B64D-FE04B1DDB9AB}.Release|Any CPU.ActiveCfg = Release|Any CPU
		{BD33A1B7-F474-4CF6-B64D-FE04B1DDB9AB}.Release|Any CPU.Build.0 = Release|Any CPU
		{B2759A75-DC40-4D73-AC01-C79E54C00D7C}.Debug|Any CPU.ActiveCfg = Debug|Any CPU
		{B2759A75-DC40-4D73-AC01-C79E54C00D7C}.Debug|Any CPU.Build.0 = Debug|Any CPU
		{B2759A75-DC40-4D73-AC01-C79E54C00D7C}.Release|Any CPU.ActiveCfg = Release|Any CPU
		{B2759A75-DC40-4D73-AC01-C79E54C00D7C}.Release|Any CPU.Build.0 = Release|Any CPU
		{DBC135A3-55BE-4635-AAC5-8B3F6E07A6D3}.Debug|Any CPU.ActiveCfg = Debug|Any CPU
		{DBC135A3-55BE-4635-AAC5-8B3F6E07A6D3}.Debug|Any CPU.Build.0 = Debug|Any CPU
		{DBC135A3-55BE-4635-AAC5-8B3F6E07A6D3}.Release|Any CPU.ActiveCfg = Release|Any CPU
		{DBC135A3-55BE-4635-AAC5-8B3F6E07A6D3}.Release|Any CPU.Build.0 = Release|Any CPU
		{964CC822-ED0A-4411-9C7B-FBB79B68EB67}.Debug|Any CPU.ActiveCfg = Debug|Any CPU
		{964CC822-ED0A-4411-9C7B-FBB79B68EB67}.Debug|Any CPU.Build.0 = Debug|Any CPU
		{964CC822-ED0A-4411-9C7B-FBB79B68EB67}.Release|Any CPU.ActiveCfg = Release|Any CPU
		{964CC822-ED0A-4411-9C7B-FBB79B68EB67}.Release|Any CPU.Build.0 = Release|Any CPU
		{96119222-A286-451A-8C65-719014EF94FE}.Debug|Any CPU.ActiveCfg = Debug|Any CPU
		{96119222-A286-451A-8C65-719014EF94FE}.Debug|Any CPU.Build.0 = Debug|Any CPU
		{96119222-A286-451A-8C65-719014EF94FE}.Release|Any CPU.ActiveCfg = Release|Any CPU
		{96119222-A286-451A-8C65-719014EF94FE}.Release|Any CPU.Build.0 = Release|Any CPU
		{CF105D92-AACC-4DE5-8940-891EDF920763}.Debug|Any CPU.ActiveCfg = Debug|Any CPU
		{CF105D92-AACC-4DE5-8940-891EDF920763}.Debug|Any CPU.Build.0 = Debug|Any CPU
		{CF105D92-AACC-4DE5-8940-891EDF920763}.Release|Any CPU.ActiveCfg = Release|Any CPU
		{CF105D92-AACC-4DE5-8940-891EDF920763}.Release|Any CPU.Build.0 = Release|Any CPU
		{23B18124-B0B0-4F74-A418-31B893919183}.Debug|Any CPU.ActiveCfg = Debug|Any CPU
		{23B18124-B0B0-4F74-A418-31B893919183}.Debug|Any CPU.Build.0 = Debug|Any CPU
		{23B18124-B0B0-4F74-A418-31B893919183}.Release|Any CPU.ActiveCfg = Release|Any CPU
		{23B18124-B0B0-4F74-A418-31B893919183}.Release|Any CPU.Build.0 = Release|Any CPU
		{72C52F3B-4E7E-4FC7-BA9D-C39607D1FA38}.Debug|Any CPU.ActiveCfg = Debug|Any CPU
		{72C52F3B-4E7E-4FC7-BA9D-C39607D1FA38}.Debug|Any CPU.Build.0 = Debug|Any CPU
		{72C52F3B-4E7E-4FC7-BA9D-C39607D1FA38}.Release|Any CPU.ActiveCfg = Release|Any CPU
		{72C52F3B-4E7E-4FC7-BA9D-C39607D1FA38}.Release|Any CPU.Build.0 = Release|Any CPU
		{CF9087C5-F126-4DAD-AAB6-C937AC01A1B9}.Debug|Any CPU.ActiveCfg = Debug|Any CPU
		{CF9087C5-F126-4DAD-AAB6-C937AC01A1B9}.Debug|Any CPU.Build.0 = Debug|Any CPU
		{CF9087C5-F126-4DAD-AAB6-C937AC01A1B9}.Release|Any CPU.ActiveCfg = Release|Any CPU
		{CF9087C5-F126-4DAD-AAB6-C937AC01A1B9}.Release|Any CPU.Build.0 = Release|Any CPU
		{6D3058DE-F8EE-4D63-AC91-4011F2665BCF}.Debug|Any CPU.ActiveCfg = Debug|Any CPU
		{6D3058DE-F8EE-4D63-AC91-4011F2665BCF}.Debug|Any CPU.Build.0 = Debug|Any CPU
		{6D3058DE-F8EE-4D63-AC91-4011F2665BCF}.Release|Any CPU.ActiveCfg = Release|Any CPU
		{6D3058DE-F8EE-4D63-AC91-4011F2665BCF}.Release|Any CPU.Build.0 = Release|Any CPU
		{5624EDA5-8E1C-42B7-AB8F-BEF19CB2D1BB}.Debug|Any CPU.ActiveCfg = Debug|Any CPU
		{5624EDA5-8E1C-42B7-AB8F-BEF19CB2D1BB}.Debug|Any CPU.Build.0 = Debug|Any CPU
		{5624EDA5-8E1C-42B7-AB8F-BEF19CB2D1BB}.Release|Any CPU.ActiveCfg = Release|Any CPU
		{5624EDA5-8E1C-42B7-AB8F-BEF19CB2D1BB}.Release|Any CPU.Build.0 = Release|Any CPU
	EndGlobalSection
	GlobalSection(SolutionProperties) = preSolution
		HideSolutionNode = FALSE
	EndGlobalSection
	GlobalSection(NestedProjects) = preSolution
		{03DE6914-E69E-41E8-AC76-9E533B24F111} = {02EA681E-C7D8-13C7-8484-4AC65E1B71E8}
		{F9ED1D3D-3A14-43F4-8296-2B0CB36736C6} = {02EA681E-C7D8-13C7-8484-4AC65E1B71E8}
		{34F8B1E4-695C-4BE7-9DD5-81A5CC085338} = {02EA681E-C7D8-13C7-8484-4AC65E1B71E8}
		{F05A7734-74C3-4405-B160-9BA6D42D9D5B} = {4BB420A8-FC1A-428A-A519-0A9BC508540C}
		{046B8512-5A08-4B1F-8AAD-2FB7E86450C4} = {4BB420A8-FC1A-428A-A519-0A9BC508540C}
		{277F6571-7590-4B5B-B209-4CDC65AE4AC5} = {4BB420A8-FC1A-428A-A519-0A9BC508540C}
		{925F8566-A409-43EB-829E-3657A8A3D558} = {4BB420A8-FC1A-428A-A519-0A9BC508540C}
		{034F55E5-4861-4084-A74D-6EC1FA110266} = {D623E4E3-B3E0-4223-87E1-504562B579F6}
		{1B9CEADA-5855-40AC-BB56-F03F93A110A0} = {D623E4E3-B3E0-4223-87E1-504562B579F6}
		{D56E1FA3-B62D-4D1B-9D9F-F3D994C6B13B} = {D623E4E3-B3E0-4223-87E1-504562B579F6}
		{143D0615-1AEA-4EA6-859C-8D1D7AA39426} = {0DC4EC8B-62B2-4575-95C7-91659B2F5D6B}
		{BD33A1B7-F474-4CF6-B64D-FE04B1DDB9AB} = {0DC4EC8B-62B2-4575-95C7-91659B2F5D6B}
		{B2759A75-DC40-4D73-AC01-C79E54C00D7C} = {0DC4EC8B-62B2-4575-95C7-91659B2F5D6B}
		{DBC135A3-55BE-4635-AAC5-8B3F6E07A6D3} = {DBC92428-AD53-4C79-B0F2-6859AEE40B86}
		{964CC822-ED0A-4411-9C7B-FBB79B68EB67} = {DBC92428-AD53-4C79-B0F2-6859AEE40B86}
		{96119222-A286-451A-8C65-719014EF94FE} = {DBC92428-AD53-4C79-B0F2-6859AEE40B86}
		{CF105D92-AACC-4DE5-8940-891EDF920763} = {FAB593C0-8EF7-402B-8452-64F94FA1E863}
		{23B18124-B0B0-4F74-A418-31B893919183} = {FAB593C0-8EF7-402B-8452-64F94FA1E863}
		{72C52F3B-4E7E-4FC7-BA9D-C39607D1FA38} = {FAB593C0-8EF7-402B-8452-64F94FA1E863}
		{CF9087C5-F126-4DAD-AAB6-C937AC01A1B9} = {6D8967B0-D9D9-48B9-8881-BC740C88BDD7}
		{6D3058DE-F8EE-4D63-AC91-4011F2665BCF} = {6D8967B0-D9D9-48B9-8881-BC740C88BDD7}
		{5624EDA5-8E1C-42B7-AB8F-BEF19CB2D1BB} = {6D8967B0-D9D9-48B9-8881-BC740C88BDD7}
	EndGlobalSection
	GlobalSection(ExtensibilityGlobals) = postSolution
		SolutionGuid = {51EA9760-C773-4B81-9C8D-B395A5A22837}
	EndGlobalSection
EndGlobal
