
Microsoft Visual Studio Solution File, Format Version 12.00
# Visual Studio Version 18
VisualStudioVersion = 18.0.11111.16 d18.0
MinimumVisualStudioVersion = 10.0.40219.1
Project("{2150E333-8FDC-42A3-9474-1A3956D46DE8}") = "Task0", "Task0", "{02EA681E-C7D8-13C7-8484-4AC65E1B71E8}"
EndProject
Project("{FAE04EC0-301F-11D3-BF4B-00C04F79EFBC}") = "Tyuiu.MolkovIS.Sprint4.Task0.V19.Test", "Tyuiu.MolkovIS.Sprint4.Task0.V19.Test\Tyuiu.MolkovIS.Sprint4.Task0.V19.Test.csproj", "{03DE6914-E69E-41E8-AC76-9E533B24F111}"
EndProject
Project("{FAE04EC0-301F-11D3-BF4B-00C04F79EFBC}") = "Tyuiu.MolkovIS.Sprint4.Task0.V19", "Tyuiu.MolkovIS.Sprint4.Task0.V19\Tyuiu.MolkovIS.Sprint4.Task0.V19.csproj", "{F9ED1D3D-3A14-43F4-8296-2B0CB36736C6}"
EndProject
Project("{FAE04EC0-301F-11D3-BF4B-00C04F79EFBC}") = "Tyuiu.MolkovIS.Sprint4.Task0.V19.Lib", "Tyuiu.MolkovIS.Sprint4.Task0.V19.Lib\Tyuiu.MolkovIS.Sprint4.Task0.V19.Lib.csproj", "{34F8B1E4-695C-4BE7-9DD5-81A5CC085338}"
EndProject
Project("{2150E333-8FDC-42A3-9474-1A3956D46DE8}") = "Task1", "Task1", "{4BB420A8-FC1A-428A-A519-0A9BC508540C}"
EndProject
Project("{FAE04EC0-301F-11D3-BF4B-00C04F79EFBC}") = "Tyuiu.MolkovIS.Sprint4.Task1.V20.Test", "Tyuiu.MolkovIS.Sprint4.Task1.V20.Test\Tyuiu.MolkovIS.Sprint4.Task1.V20.Test.csproj", "{F05A7734-74C3-4405-B160-9BA6D42D9D5B}"
EndProject
Project("{FAE04EC0-301F-11D3-BF4B-00C04F79EFBC}") = "Tyuiu.MolkovIS.Sprint4.Task1.V20", "Tyuiu.MolkovIS.Sprint4.Task1.V20\Tyuiu.MolkovIS.Sprint4.Task1.V20.csproj", "{046B8512-5A08-4B1F-8AAD-2FB7E86450C4}"
EndProject
Project("{FAE04EC0-301F-11D3-BF4B-00C04F79EFBC}") = "Tyuiu.MolkovIS.Sprint4.V20.Lib", "Tyuiu.MolkovIS.Sprint4.V20.Lib\Tyuiu.MolkovIS.Sprint4.V20.Lib.csproj", "{277F6571-7590-4B5B-B209-4CDC65AE4AC5}"
EndProject
Project("{FAE04EC0-301F-11D3-BF4B-00C04F79EFBC}") = "Tyuiu.MolkovIS.Sprint4.Task1.V20.Lib", "Tyuiu.MolkovIS.Sprint4.Task1.V20.Lib\Tyuiu.MolkovIS.Sprint4.Task1.V20.Lib.csproj", "{925F8566-A409-43EB-829E-3657A8A3D558}"
EndProject
Project("{2150E333-8FDC-42A3-9474-1A3956D46DE8}") = "Task2", "Task2", "{D623E4E3-B3E0-4223-87E1-504562B579F6}"
EndProject
Project("{FAE04EC0-301F-11D3-BF4B-00C04F79EFBC}") = "Tyuiu.MolkovIS.Sprint4.Task2.V17.Lib", "Tyuiu.MolkovIS.Sprint4.Task2.V17.Lib\Tyuiu.MolkovIS.Sprint4.Task2.V17.Lib.csproj", "{034F55E5-4861-4084-A74D-6EC1FA110266}"
EndProject
Project("{FAE04EC0-301F-11D3-BF4B-00C04F79EFBC}") = "Tyuiu.MolkovIS.Sprint4.Task2.V17", "Tyuiu.MolkovIS.Sprint4.Task2.V17\Tyuiu.MolkovIS.Sprint4.Task2.V17.csproj", "{1B9CEADA-5855-40AC-BB56-F03F93A110A0}"
EndProject
Project("{FAE04EC0-301F-11D3-BF4B-00C04F79EFBC}") = "Tyuiu.MolkovIS.Sprint4.Task2.V17.Test", "Tyuiu.MolkovIS.Sprint4.Task2.V17.Test\Tyuiu.MolkovIS.Sprint4.Task2.V17.Test.csproj", "{D56E1FA3-B62D-4D1B-9D9F-F3D994C6B13B}"
EndProject
Global
	GlobalSection(SolutionConfigurationPlatforms) = preSolution
		Debug|Any CPU = Debug|Any CPU
		Release|Any CPU = Release|Any CPU
	EndGlobalSection
	GlobalSection(ProjectConfigurationPlatforms) = postSolution
		{03DE6914-E69E-41E8-AC76-9E533B24F111}.Debug|Any CPU.ActiveCfg = Debug|Any CPU
		{03DE6914-E69E-41E8-AC76-9E533B24F111}.Debug|Any CPU.Build.0 = Debug|Any CPU
		{03DE6914-E69E-41E8-AC76-9E533B24F111}.Release|Any CPU.ActiveCfg = Release|Any CPU
		{03DE6914-E69E-41E8-AC76-9E533B24F111}.Release|Any CPU.Build.0 = Release|Any CPU
		{F9ED1D3D-3A14-43F4-8296-2B0CB36736C6}.Debug|Any CPU.ActiveCfg = Debug|Any CPU
		{F9ED1D3D-3A14-43F4-8296-2B0CB36736C6}.Debug|Any CPU.Build.0 = Debug|Any CPU
		{F9ED1D3D-3A14-43F4-8296-2B0CB36736C6}.Release|Any CPU.ActiveCfg = Release|Any CPU
		{F9ED1D3D-3A14-43F4-8296-2B0CB36736C6}.Release|Any CPU.Build.0 = Release|Any CPU
		{34F8B1E4-695C-4BE7-9DD5-81A5CC085338}.Debug|Any CPU.ActiveCfg = Debug|Any CPU
		{34F8B1E4-695C-4BE7-9DD5-81A5CC085338}.Debug|Any CPU.Build.0 = Debug|Any CPU
		{34F8B1E4-695C-4BE7-9DD5-81A5CC085338}.Release|Any CPU.ActiveCfg = Release|Any CPU
		{34F8B1E4-695C-4BE7-9DD5-81A5CC085338}.Release|Any CPU.Build.0 = Release|Any CPU
		{F05A7734-74C3-4405-B160-9BA6D42D9D5B}.Debug|Any CPU.ActiveCfg = Debug|Any CPU
		{F05A7734-74C3-4405-B160-9BA6D42D9D5B}.Debug|Any CPU.Build.0 = Debug|Any CPU
		{F05A7734-74C3-4405-B160-9BA6D42D9D5B}.Release|Any CPU.ActiveCfg = Release|Any CPU
		{F05A7734-74C3-4405-B160-9BA6D42D9D5B}.Release|Any CPU.Build.0 = Release|Any CPU
		{046B8512-5A08-4B1F-8AAD-2FB7E86450C4}.Debug|Any CPU.ActiveCfg = Debug|Any CPU
		{046B8512-5A08-4B1F-8AAD-2FB7E86450C4}.Debug|Any CPU.Build.0 = Debug|Any CPU
		{046B8512-5A08-4B1F-8AAD-2FB7E86450C4}.Release|Any CPU.ActiveCfg = Release|Any CPU
		{046B8512-5A08-4B1F-8AAD-2FB7E86450C4}.Release|Any CPU.Build.0 = Release|Any CPU
		{277F6571-7590-4B5B-B209-4CDC65AE4AC5}.Debug|Any CPU.ActiveCfg = Debug|Any CPU
		{277F6571-7590-4B5B-B209-4CDC65AE4AC5}.Debug|Any CPU.Build.0 = Debug|Any CPU
		{277F6571-7590-4B5B-B209-4CDC65AE4AC5}.Release|Any CPU.ActiveCfg = Release|Any CPU
		{277F6571-7590-4B5B-B209-4CDC65AE4AC5}.Release|Any CPU.Build.0 = Release|Any CPU
		{925F8566-A409-43EB-829E-3657A8A3D558}.Debug|Any CPU.ActiveCfg = Debug|Any CPU
		{925F8566-A409-43EB-829E-3657A8A3D558}.Debug|Any CPU.Build.0 = Debug|Any CPU
		{925F8566-A409-43EB-829E-3657A8A3D558}.Release|Any CPU.ActiveCfg = Release|Any CPU
		{925F8566-A409-43EB-829E-3657A8A3D558}.Release|Any CPU.Build.0 = Release|Any CPU
		{034F55E5-4861-4084-A74D-6EC1FA110266}.Debug|Any CPU.ActiveCfg = Debug|Any CPU
		{034F55E5-4861-4084-A74D-6EC1FA110266}.Debug|Any CPU.Build.0 = Debug|Any CPU
		{034F55E5-4861-4084-A74D-6EC1FA110266}.Release|Any CPU.ActiveCfg = Release|Any CPU
		{034F55E5-4861-4084-A74D-6EC1FA110266}.Release|Any CPU.Build.0 = Release|Any CPU
		{1B9CEADA-5855-40AC-BB56-F03F93A110A0}.Debug|Any CPU.ActiveCfg = Debug|Any CPU
		{1B9CEADA-5855-40AC-BB56-F03F93A110A0}.Debug|Any CPU.Build.0 = Debug|Any CPU
		{1B9CEADA-5855-40AC-BB56-F03F93A110A0}.Release|Any CPU.ActiveCfg = Release|Any CPU
		{1B9CEADA-5855-40AC-BB56-F03F93A110A0}.Release|Any CPU.Build.0 = Release|Any CPU
		{D56E1FA3-B62D-4D1B-9D9F-F3D994C6B13B}.Debug|Any CPU.ActiveCfg = Debug|Any CPU
		{D56E1FA3-B62D-4D1B-9D9F-F3D994C6B13B}.Debug|Any CPU.Build.0 = Debug|Any CPU
		{D56E1FA3-B62D-4D1B-9D9F-F3D994C6B13B}.Release|Any CPU.ActiveCfg = Release|Any CPU
		{D56E1FA3-B62D-4D1B-9D9F-F3D994C6B13B}.Release|Any CPU.Build.0 = Release|Any CPU
	EndGlobalSection
	GlobalSection(SolutionProperties) = preSolution
		HideSolutionNode = FALSE
	EndGlobalSection
	GlobalSection(NestedProjects) = preSolution
		{03DE6914-E69E-41E8-AC76-9E533B24F111} = {02EA681E-C7D8-13C7-8484-4AC65E1B71E8}
		{F9ED1D3D-3A14-43F4-8296-2B0CB36736C6} = {02EA681E-C7D8-13C7-8484-4AC65E1B71E8}
		{34F8B1E4-695C-4BE7-9DD5-81A5CC085338} = {02EA681E-C7D8-13C7-8484-4AC65E1B71E8}
		{F05A7734-74C3-4405-B160-9BA6D42D9D5B} = {4BB420A8-FC1A-428A-A519-0A9BC508540C}
		{046B8512-5A08-4B1F-8AAD-2FB7E86450C4} = {4BB420A8-FC1A-428A-A519-0A9BC508540C}
		{277F6571-7590-4B5B-B209-4CDC65AE4AC5} = {4BB420A8-FC1A-428A-A519-0A9BC508540C}
		{925F8566-A409-43EB-829E-3657A8A3D558} = {4BB420A8-FC1A-428A-A519-0A9BC508540C}
		{034F55E5-4861-4084-A74D-6EC1FA110266} = {D623E4E3-B3E0-4223-87E1-504562B579F6}
		{1B9CEADA-5855-40AC-BB56-F03F93A110A0} = {D623E4E3-B3E0-4223-87E1-504562B579F6}
		{D56E1FA3-B62D-4D1B-9D9F-F3D994C6B13B} = {D623E4E3-B3E0-4223-87E1-504562B579F6}
	EndGlobalSection
	GlobalSection(ExtensibilityGlobals) = postSolution
		SolutionGuid = {51EA9760-C773-4B81-9C8D-B395A5A22837}
	EndGlobalSection
EndGlobal
